
Microsoft Visual Studio Solution File, Format Version 12.00
# Visual Studio Version 17
VisualStudioVersion = 17.2.32630.192
MinimumVisualStudioVersion = 10.0.40219.1
Project("{9A19103F-16F7-4668-BE54-9A1E7A4F7556}") = "Corretora.Domain", "Corretora.Domain\Corretora.Domain.csproj", "{09B1FA9D-BBB1-4379-833F-1756B25C5996}"
EndProject
Project("{9A19103F-16F7-4668-BE54-9A1E7A4F7556}") = "Corretora.Repository", "Corretora.Repository\Corretora.Repository.csproj", "{E1CCE1BF-2FA3-4388-8C7E-9F8212C1C3EF}"
EndProject
Project("{9A19103F-16F7-4668-BE54-9A1E7A4F7556}") = "Corretora.Web", "Corretora.Web\Corretora.Web.csproj", "{09426192-92B7-45A8-BA9A-D0316B388F73}"
EndProject
Project("{FAE04EC0-301F-11D3-BF4B-00C04F79EFBC}") = "Corretora.Application", "Corretora.Application\Corretora.Application.csproj", "{0B9882CD-32D0-493C-BBC1-D58258F34176}"
EndProject
Global
	GlobalSection(SolutionConfigurationPlatforms) = preSolution
		Debug|Any CPU = Debug|Any CPU
		Release|Any CPU = Release|Any CPU
	EndGlobalSection
	GlobalSection(ProjectConfigurationPlatforms) = postSolution
		{09B1FA9D-BBB1-4379-833F-1756B25C5996}.Debug|Any CPU.ActiveCfg = Debug|Any CPU
		{09B1FA9D-BBB1-4379-833F-1756B25C5996}.Debug|Any CPU.Build.0 = Debug|Any CPU
		{09B1FA9D-BBB1-4379-833F-1756B25C5996}.Release|Any CPU.ActiveCfg = Release|Any CPU
		{09B1FA9D-BBB1-4379-833F-1756B25C5996}.Release|Any CPU.Build.0 = Release|Any CPU
		{E1CCE1BF-2FA3-4388-8C7E-9F8212C1C3EF}.Debug|Any CPU.ActiveCfg = Debug|Any CPU
		{E1CCE1BF-2FA3-4388-8C7E-9F8212C1C3EF}.Debug|Any CPU.Build.0 = Debug|Any CPU
		{E1CCE1BF-2FA3-4388-8C7E-9F8212C1C3EF}.Release|Any CPU.ActiveCfg = Release|Any CPU
		{E1CCE1BF-2FA3-4388-8C7E-9F8212C1C3EF}.Release|Any CPU.Build.0 = Release|Any CPU
		{09426192-92B7-45A8-BA9A-D0316B388F73}.Debug|Any CPU.ActiveCfg = Debug|Any CPU
		{09426192-92B7-45A8-BA9A-D0316B388F73}.Debug|Any CPU.Build.0 = Debug|Any CPU
		{09426192-92B7-45A8-BA9A-D0316B388F73}.Release|Any CPU.ActiveCfg = Release|Any CPU
		{09426192-92B7-45A8-BA9A-D0316B388F73}.Release|Any CPU.Build.0 = Release|Any CPU
		{0B9882CD-32D0-493C-BBC1-D58258F34176}.Debug|Any CPU.ActiveCfg = Debug|Any CPU
		{0B9882CD-32D0-493C-BBC1-D58258F34176}.Debug|Any CPU.Build.0 = Debug|Any CPU
		{0B9882CD-32D0-493C-BBC1-D58258F34176}.Release|Any CPU.ActiveCfg = Release|Any CPU
		{0B9882CD-32D0-493C-BBC1-D58258F34176}.Release|Any CPU.Build.0 = Release|Any CPU
	EndGlobalSection
	GlobalSection(SolutionProperties) = preSolution
		HideSolutionNode = FALSE
	EndGlobalSection
	GlobalSection(ExtensibilityGlobals) = postSolution
		SolutionGuid = {493C0E00-A12F-4792-BB3F-458A6FACEE3D}
	EndGlobalSection
EndGlobal
