
Microsoft Visual Studio Solution File, Format Version 12.00
# Visual Studio Version 17
VisualStudioVersion = 17.2.32630.192
MinimumVisualStudioVersion = 10.0.40219.1
Project("{9A19103F-16F7-4668-BE54-9A1E7A4F7556}") = "Corretora.Domain", "Corretora.Domain\Corretora.Domain.csproj", "{09B1FA9D-BBB1-4379-833F-1756B25C5996}"
EndProject
Project("{9A19103F-16F7-4668-BE54-9A1E7A4F7556}") = "Corretora.Repository", "Corretora.Repository\Corretora.Repository.csproj", "{E1CCE1BF-2FA3-4388-8C7E-9F8212C1C3EF}"
EndProject
Project("{FAE04EC0-301F-11D3-BF4B-00C04F79EFBC}") = "Corretora.Application", "Corretora.Application\Corretora.Application.csproj", "{0B9882CD-32D0-493C-BBC1-D58258F34176}"
EndProject
Project("{2150E333-8FDC-42A3-9474-1A3956D46DE8}") = "0-Web", "0-Web", "{611D4DB4-64AE-4B8E-B85A-8330C4DE6E57}"
EndProject
Project("{2150E333-8FDC-42A3-9474-1A3956D46DE8}") = "1-Application", "1-Application", "{CA8A7C29-99DF-4EF4-859E-F17E54B8E3F4}"
EndProject
Project("{2150E333-8FDC-42A3-9474-1A3956D46DE8}") = "2-Domain", "2-Domain", "{D2DE58A4-EF39-4312-BD10-2A1A08B6628F}"
EndProject
Project("{2150E333-8FDC-42A3-9474-1A3956D46DE8}") = "3-Repository", "3-Repository", "{95F95CB8-C2CD-420F-8B32-DEC77E85AF47}"
EndProject
Project("{FAE04EC0-301F-11D3-BF4B-00C04F79EFBC}") = "Corretora.Web", "Corretora.Web\Corretora.Web.csproj", "{EE1FB433-D3E0-43B2-AA11-2E6706F6C196}"
EndProject
Global
	GlobalSection(SolutionConfigurationPlatforms) = preSolution
		Debug|Any CPU = Debug|Any CPU
		Release|Any CPU = Release|Any CPU
	EndGlobalSection
	GlobalSection(ProjectConfigurationPlatforms) = postSolution
		{09B1FA9D-BBB1-4379-833F-1756B25C5996}.Debug|Any CPU.ActiveCfg = Debug|Any CPU
		{09B1FA9D-BBB1-4379-833F-1756B25C5996}.Debug|Any CPU.Build.0 = Debug|Any CPU
		{09B1FA9D-BBB1-4379-833F-1756B25C5996}.Release|Any CPU.ActiveCfg = Release|Any CPU
		{09B1FA9D-BBB1-4379-833F-1756B25C5996}.Release|Any CPU.Build.0 = Release|Any CPU
		{E1CCE1BF-2FA3-4388-8C7E-9F8212C1C3EF}.Debug|Any CPU.ActiveCfg = Debug|Any CPU
		{E1CCE1BF-2FA3-4388-8C7E-9F8212C1C3EF}.Debug|Any CPU.Build.0 = Debug|Any CPU
		{E1CCE1BF-2FA3-4388-8C7E-9F8212C1C3EF}.Release|Any CPU.ActiveCfg = Release|Any CPU
		{E1CCE1BF-2FA3-4388-8C7E-9F8212C1C3EF}.Release|Any CPU.Build.0 = Release|Any CPU
		{0B9882CD-32D0-493C-BBC1-D58258F34176}.Debug|Any CPU.ActiveCfg = Debug|Any CPU
		{0B9882CD-32D0-493C-BBC1-D58258F34176}.Debug|Any CPU.Build.0 = Debug|Any CPU
		{0B9882CD-32D0-493C-BBC1-D58258F34176}.Release|Any CPU.ActiveCfg = Release|Any CPU
		{0B9882CD-32D0-493C-BBC1-D58258F34176}.Release|Any CPU.Build.0 = Release|Any CPU
		{EE1FB433-D3E0-43B2-AA11-2E6706F6C196}.Debug|Any CPU.ActiveCfg = Debug|Any CPU
		{EE1FB433-D3E0-43B2-AA11-2E6706F6C196}.Debug|Any CPU.Build.0 = Debug|Any CPU
		{EE1FB433-D3E0-43B2-AA11-2E6706F6C196}.Release|Any CPU.ActiveCfg = Release|Any CPU
		{EE1FB433-D3E0-43B2-AA11-2E6706F6C196}.Release|Any CPU.Build.0 = Release|Any CPU
	EndGlobalSection
	GlobalSection(SolutionProperties) = preSolution
		HideSolutionNode = FALSE
	EndGlobalSection
	GlobalSection(NestedProjects) = preSolution
		{09B1FA9D-BBB1-4379-833F-1756B25C5996} = {D2DE58A4-EF39-4312-BD10-2A1A08B6628F}
		{E1CCE1BF-2FA3-4388-8C7E-9F8212C1C3EF} = {95F95CB8-C2CD-420F-8B32-DEC77E85AF47}
		{0B9882CD-32D0-493C-BBC1-D58258F34176} = {CA8A7C29-99DF-4EF4-859E-F17E54B8E3F4}
		{EE1FB433-D3E0-43B2-AA11-2E6706F6C196} = {611D4DB4-64AE-4B8E-B85A-8330C4DE6E57}
	EndGlobalSection
	GlobalSection(ExtensibilityGlobals) = postSolution
		SolutionGuid = {493C0E00-A12F-4792-BB3F-458A6FACEE3D}
	EndGlobalSection
EndGlobal
